
Microsoft Visual Studio Solution File, Format Version 12.00
# Visual Studio Version 17
VisualStudioVersion = 17.14.36301.6 d17.14
MinimumVisualStudioVersion = 10.0.40219.1
Project("{FAE04EC0-301F-11D3-BF4B-00C04F79EFBC}") = "backendDay7", "backendDay7.csproj", "{7D7E6928-23E9-4E08-B78B-82F8A2C2B6DB}"
EndProject
Global
	GlobalSection(SolutionConfigurationPlatforms) = preSolution
		Debug|Any CPU = Debug|Any CPU
		Release|Any CPU = Release|Any CPU
	EndGlobalSection
	GlobalSection(ProjectConfigurationPlatforms) = postSolution
		{7D7E6928-23E9-4E08-B78B-82F8A2C2B6DB}.Debug|Any CPU.ActiveCfg = Debug|Any CPU
		{7D7E6928-23E9-4E08-B78B-82F8A2C2B6DB}.Debug|Any CPU.Build.0 = Debug|Any CPU
		{7D7E6928-23E9-4E08-B78B-82F8A2C2B6DB}.Release|Any CPU.ActiveCfg = Release|Any CPU
		{7D7E6928-23E9-4E08-B78B-82F8A2C2B6DB}.Release|Any CPU.Build.0 = Release|Any CPU
	EndGlobalSection
	GlobalSection(SolutionProperties) = preSolution
		HideSolutionNode = FALSE
	EndGlobalSection
	GlobalSection(ExtensibilityGlobals) = postSolution
		SolutionGuid = {EBDC0E6C-7923-4FA6-8801-64ED20419B17}
	EndGlobalSection
EndGlobal
