
Microsoft Visual Studio Solution File, Format Version 12.00
# Visual Studio Version 17
VisualStudioVersion = 17.14.36327.8 d17.14
MinimumVisualStudioVersion = 10.0.40219.1
Project("{FAE04EC0-301F-11D3-BF4B-00C04F79EFBC}") = "Capstone_toDoList", "Capstone_toDoList.csproj", "{7D385C79-992C-404F-9774-286889F3F0C9}"
EndProject
Global
	GlobalSection(SolutionConfigurationPlatforms) = preSolution
		Debug|Any CPU = Debug|Any CPU
		Release|Any CPU = Release|Any CPU
	EndGlobalSection
	GlobalSection(ProjectConfigurationPlatforms) = postSolution
		{7D385C79-992C-404F-9774-286889F3F0C9}.Debug|Any CPU.ActiveCfg = Debug|Any CPU
		{7D385C79-992C-404F-9774-286889F3F0C9}.Debug|Any CPU.Build.0 = Debug|Any CPU
		{7D385C79-992C-404F-9774-286889F3F0C9}.Release|Any CPU.ActiveCfg = Release|Any CPU
		{7D385C79-992C-404F-9774-286889F3F0C9}.Release|Any CPU.Build.0 = Release|Any CPU
	EndGlobalSection
	GlobalSection(SolutionProperties) = preSolution
		HideSolutionNode = FALSE
	EndGlobalSection
	GlobalSection(ExtensibilityGlobals) = postSolution
		SolutionGuid = {446A713A-7EC3-4B12-B781-48A07139FBA5}
	EndGlobalSection
EndGlobal
