
Microsoft Visual Studio Solution File, Format Version 12.00
# Visual Studio Version 17
VisualStudioVersion = 17.14.36301.6 d17.14
MinimumVisualStudioVersion = 10.0.40219.1
Project("{FAE04EC0-301F-11D3-BF4B-00C04F79EFBC}") = "AdvancedCalculator - backEndD2", "AdvancedCalculator - backEndD2.csproj", "{9D3166E7-116D-4E65-94A3-82419FD7FF9B}"
EndProject
Global
	GlobalSection(SolutionConfigurationPlatforms) = preSolution
		Debug|Any CPU = Debug|Any CPU
		Release|Any CPU = Release|Any CPU
	EndGlobalSection
	GlobalSection(ProjectConfigurationPlatforms) = postSolution
		{9D3166E7-116D-4E65-94A3-82419FD7FF9B}.Debug|Any CPU.ActiveCfg = Debug|Any CPU
		{9D3166E7-116D-4E65-94A3-82419FD7FF9B}.Debug|Any CPU.Build.0 = Debug|Any CPU
		{9D3166E7-116D-4E65-94A3-82419FD7FF9B}.Release|Any CPU.ActiveCfg = Release|Any CPU
		{9D3166E7-116D-4E65-94A3-82419FD7FF9B}.Release|Any CPU.Build.0 = Release|Any CPU
	EndGlobalSection
	GlobalSection(SolutionProperties) = preSolution
		HideSolutionNode = FALSE
	EndGlobalSection
	GlobalSection(ExtensibilityGlobals) = postSolution
		SolutionGuid = {C0B44064-9DD8-43F0-AC26-1A7A4697041D}
	EndGlobalSection
EndGlobal
